
Microsoft Visual Studio Solution File, Format Version 12.00
# Visual Studio Version 16
VisualStudioVersion = 16.0.30717.126
MinimumVisualStudioVersion = 10.0.40219.1
Project("{FAE04EC0-301F-11D3-BF4B-00C04F79EFBC}") = "OwlTrakr.Android", "OwlTrakr\OwlTrakr.Android\OwlTrakr.Android.csproj", "{062C319E-68B9-4EA1-ACCB-F9D919F9AB80}"
EndProject
Project("{FAE04EC0-301F-11D3-BF4B-00C04F79EFBC}") = "OwlTrakr.iOS", "OwlTrakr\OwlTrakr.iOS\OwlTrakr.iOS.csproj", "{E0BB8F50-1F74-4345-83B1-A8329D3CB953}"
EndProject
Project("{FAE04EC0-301F-11D3-BF4B-00C04F79EFBC}") = "OwlTrakr", "OwlTrakr\OwlTrakr\OwlTrakr.csproj", "{4E6DC109-0BD1-4018-B5CA-C562CAAF6321}"
EndProject
Global
	GlobalSection(SolutionConfigurationPlatforms) = preSolution
		Debug|Any CPU = Debug|Any CPU
		Debug|iPhone = Debug|iPhone
		Debug|iPhoneSimulator = Debug|iPhoneSimulator
		Release|Any CPU = Release|Any CPU
		Release|iPhone = Release|iPhone
		Release|iPhoneSimulator = Release|iPhoneSimulator
	EndGlobalSection
	GlobalSection(ProjectConfigurationPlatforms) = postSolution
		{062C319E-68B9-4EA1-ACCB-F9D919F9AB80}.Debug|Any CPU.ActiveCfg = Debug|Any CPU
		{062C319E-68B9-4EA1-ACCB-F9D919F9AB80}.Debug|Any CPU.Build.0 = Debug|Any CPU
		{062C319E-68B9-4EA1-ACCB-F9D919F9AB80}.Debug|Any CPU.Deploy.0 = Debug|Any CPU
		{062C319E-68B9-4EA1-ACCB-F9D919F9AB80}.Debug|iPhone.ActiveCfg = Debug|Any CPU
		{062C319E-68B9-4EA1-ACCB-F9D919F9AB80}.Debug|iPhone.Build.0 = Debug|Any CPU
		{062C319E-68B9-4EA1-ACCB-F9D919F9AB80}.Debug|iPhone.Deploy.0 = Debug|Any CPU
		{062C319E-68B9-4EA1-ACCB-F9D919F9AB80}.Debug|iPhoneSimulator.ActiveCfg = Debug|Any CPU
		{062C319E-68B9-4EA1-ACCB-F9D919F9AB80}.Debug|iPhoneSimulator.Build.0 = Debug|Any CPU
		{062C319E-68B9-4EA1-ACCB-F9D919F9AB80}.Debug|iPhoneSimulator.Deploy.0 = Debug|Any CPU
		{062C319E-68B9-4EA1-ACCB-F9D919F9AB80}.Release|Any CPU.ActiveCfg = Release|Any CPU
		{062C319E-68B9-4EA1-ACCB-F9D919F9AB80}.Release|Any CPU.Build.0 = Release|Any CPU
		{062C319E-68B9-4EA1-ACCB-F9D919F9AB80}.Release|Any CPU.Deploy.0 = Release|Any CPU
		{062C319E-68B9-4EA1-ACCB-F9D919F9AB80}.Release|iPhone.ActiveCfg = Release|Any CPU
		{062C319E-68B9-4EA1-ACCB-F9D919F9AB80}.Release|iPhone.Build.0 = Release|Any CPU
		{062C319E-68B9-4EA1-ACCB-F9D919F9AB80}.Release|iPhone.Deploy.0 = Release|Any CPU
		{062C319E-68B9-4EA1-ACCB-F9D919F9AB80}.Release|iPhoneSimulator.ActiveCfg = Release|Any CPU
		{062C319E-68B9-4EA1-ACCB-F9D919F9AB80}.Release|iPhoneSimulator.Build.0 = Release|Any CPU
		{062C319E-68B9-4EA1-ACCB-F9D919F9AB80}.Release|iPhoneSimulator.Deploy.0 = Release|Any CPU
		{E0BB8F50-1F74-4345-83B1-A8329D3CB953}.Debug|Any CPU.ActiveCfg = Debug|iPhone
		{E0BB8F50-1F74-4345-83B1-A8329D3CB953}.Debug|Any CPU.Build.0 = Debug|iPhone
		{E0BB8F50-1F74-4345-83B1-A8329D3CB953}.Debug|Any CPU.Deploy.0 = Debug|iPhone
		{E0BB8F50-1F74-4345-83B1-A8329D3CB953}.Debug|iPhone.ActiveCfg = Debug|iPhone
		{E0BB8F50-1F74-4345-83B1-A8329D3CB953}.Debug|iPhone.Build.0 = Debug|iPhone
		{E0BB8F50-1F74-4345-83B1-A8329D3CB953}.Debug|iPhone.Deploy.0 = Debug|iPhone
		{E0BB8F50-1F74-4345-83B1-A8329D3CB953}.Debug|iPhoneSimulator.ActiveCfg = Debug|iPhoneSimulator
		{E0BB8F50-1F74-4345-83B1-A8329D3CB953}.Debug|iPhoneSimulator.Build.0 = Debug|iPhoneSimulator
		{E0BB8F50-1F74-4345-83B1-A8329D3CB953}.Debug|iPhoneSimulator.Deploy.0 = Debug|iPhoneSimulator
		{E0BB8F50-1F74-4345-83B1-A8329D3CB953}.Release|Any CPU.ActiveCfg = Release|iPhoneSimulator
		{E0BB8F50-1F74-4345-83B1-A8329D3CB953}.Release|Any CPU.Build.0 = Release|iPhoneSimulator
		{E0BB8F50-1F74-4345-83B1-A8329D3CB953}.Release|Any CPU.Deploy.0 = Release|iPhoneSimulator
		{E0BB8F50-1F74-4345-83B1-A8329D3CB953}.Release|iPhone.ActiveCfg = Release|iPhone
		{E0BB8F50-1F74-4345-83B1-A8329D3CB953}.Release|iPhone.Build.0 = Release|iPhone
		{E0BB8F50-1F74-4345-83B1-A8329D3CB953}.Release|iPhone.Deploy.0 = Release|iPhone
		{E0BB8F50-1F74-4345-83B1-A8329D3CB953}.Release|iPhoneSimulator.ActiveCfg = Release|iPhoneSimulator
		{E0BB8F50-1F74-4345-83B1-A8329D3CB953}.Release|iPhoneSimulator.Build.0 = Release|iPhoneSimulator
		{E0BB8F50-1F74-4345-83B1-A8329D3CB953}.Release|iPhoneSimulator.Deploy.0 = Release|iPhoneSimulator
		{4E6DC109-0BD1-4018-B5CA-C562CAAF6321}.Debug|Any CPU.ActiveCfg = Debug|Any CPU
		{4E6DC109-0BD1-4018-B5CA-C562CAAF6321}.Debug|Any CPU.Build.0 = Debug|Any CPU
		{4E6DC109-0BD1-4018-B5CA-C562CAAF6321}.Debug|Any CPU.Deploy.0 = Debug|Any CPU
		{4E6DC109-0BD1-4018-B5CA-C562CAAF6321}.Debug|iPhone.ActiveCfg = Debug|Any CPU
		{4E6DC109-0BD1-4018-B5CA-C562CAAF6321}.Debug|iPhone.Build.0 = Debug|Any CPU
		{4E6DC109-0BD1-4018-B5CA-C562CAAF6321}.Debug|iPhone.Deploy.0 = Debug|Any CPU
		{4E6DC109-0BD1-4018-B5CA-C562CAAF6321}.Debug|iPhoneSimulator.ActiveCfg = Debug|Any CPU
		{4E6DC109-0BD1-4018-B5CA-C562CAAF6321}.Debug|iPhoneSimulator.Build.0 = Debug|Any CPU
		{4E6DC109-0BD1-4018-B5CA-C562CAAF6321}.Debug|iPhoneSimulator.Deploy.0 = Debug|Any CPU
		{4E6DC109-0BD1-4018-B5CA-C562CAAF6321}.Release|Any CPU.ActiveCfg = Release|Any CPU
		{4E6DC109-0BD1-4018-B5CA-C562CAAF6321}.Release|Any CPU.Build.0 = Release|Any CPU
		{4E6DC109-0BD1-4018-B5CA-C562CAAF6321}.Release|Any CPU.Deploy.0 = Release|Any CPU
		{4E6DC109-0BD1-4018-B5CA-C562CAAF6321}.Release|iPhone.ActiveCfg = Release|Any CPU
		{4E6DC109-0BD1-4018-B5CA-C562CAAF6321}.Release|iPhone.Build.0 = Release|Any CPU
		{4E6DC109-0BD1-4018-B5CA-C562CAAF6321}.Release|iPhone.Deploy.0 = Release|Any CPU
		{4E6DC109-0BD1-4018-B5CA-C562CAAF6321}.Release|iPhoneSimulator.ActiveCfg = Release|Any CPU
		{4E6DC109-0BD1-4018-B5CA-C562CAAF6321}.Release|iPhoneSimulator.Build.0 = Release|Any CPU
		{4E6DC109-0BD1-4018-B5CA-C562CAAF6321}.Release|iPhoneSimulator.Deploy.0 = Release|Any CPU
	EndGlobalSection
	GlobalSection(SolutionProperties) = preSolution
		HideSolutionNode = FALSE
	EndGlobalSection
	GlobalSection(ExtensibilityGlobals) = postSolution
		SolutionGuid = {438FC396-9D9F-4C82-B2F4-CE471389326F}
	EndGlobalSection
EndGlobal
